
Microsoft Visual Studio Solution File, Format Version 12.00
# Visual Studio Version 17
VisualStudioVersion = 17.4.33110.190
MinimumVisualStudioVersion = 10.0.40219.1
Project("{FAE04EC0-301F-11D3-BF4B-00C04F79EFBC}") = "Fluxtreme", "Fluxtreme\Fluxtreme.csproj", "{B7198ED8-8595-414E-8BB1-7AE7A51A89C8}"
EndProject
Global
	GlobalSection(SolutionConfigurationPlatforms) = preSolution
		Debug|Any CPU = Debug|Any CPU
		Release|Any CPU = Release|Any CPU
	EndGlobalSection
	GlobalSection(ProjectConfigurationPlatforms) = postSolution
		{B7198ED8-8595-414E-8BB1-7AE7A51A89C8}.Debug|Any CPU.ActiveCfg = Debug|Any CPU
		{B7198ED8-8595-414E-8BB1-7AE7A51A89C8}.Debug|Any CPU.Build.0 = Debug|Any CPU
		{B7198ED8-8595-414E-8BB1-7AE7A51A89C8}.Release|Any CPU.ActiveCfg = Release|Any CPU
		{B7198ED8-8595-414E-8BB1-7AE7A51A89C8}.Release|Any CPU.Build.0 = Release|Any CPU
	EndGlobalSection
	GlobalSection(SolutionProperties) = preSolution
		HideSolutionNode = FALSE
	EndGlobalSection
	GlobalSection(ExtensibilityGlobals) = postSolution
		SolutionGuid = {C426571F-46A6-4BF6-860E-83C216F812E4}
	EndGlobalSection
EndGlobal
